$ANSIBLE_VAULT;1.1;AES256
63313165373163373863386634633062663762643534393835303038633630613839316235663733
6362653035613562623433623836616439643265383765630a643538313165616166643434626334
66333437313735663833343135393066653663616161666438363438393339326362366632386366
6239306132663737300a313839383465303261376132343366643131333365366533653138653135
37383231613436613432663835323935393738396461653663333561663534336630
